// !$*UTF8*$!
{
	archiveVersion = 1;
	classes = {
	};
	objectVersion = 56;
	objects = {

/* Begin PBXBuildFile section */
		774636D22BBC7287006C84B3 /* BullseyeApp.swift in Sources */ = {isa = PBXBuildFile; fileRef = 774636D12BBC7287006C84B3 /* BullseyeApp.swift */; };
		774636D42BBC7287006C84B3 /* ContentView.swift in Sources */ = {isa = PBXBuildFile; fileRef = 774636D32BBC7287006C84B3 /* ContentView.swift */; };
		774636D62BBC7289006C84B3 /* Assets.xcassets in Resources */ = {isa = PBXBuildFile; fileRef = 774636D52BBC7289006C84B3 /* Assets.xcassets */; };
		774636D92BBC7289006C84B3 /* Preview Assets.xcassets in Resources */ = {isa = PBXBuildFile; fileRef = 774636D82BBC7289006C84B3 /* Preview Assets.xcassets */; };
		778908862BDE2C4A00994377 /* TextViews.swift in Sources */ = {isa = PBXBuildFile; fileRef = 778908852BDE2C4A00994377 /* TextViews.swift */; };
		778908882BDE33EF00994377 /* ButtonViews.swift in Sources */ = {isa = PBXBuildFile; fileRef = 778908872BDE33EF00994377 /* ButtonViews.swift */; };
		7789088A2BDE479200994377 /* Shapes.swift in Sources */ = {isa = PBXBuildFile; fileRef = 778908892BDE479200994377 /* Shapes.swift */; };
		77F229DD2BE11ECB00A1ECFA /* RoundedImageView.swift in Sources */ = {isa = PBXBuildFile; fileRef = 77F229DC2BE11ECB00A1ECFA /* RoundedImageView.swift */; };
		77FC15962BC6C852003CD800 /* Game.swift in Sources */ = {isa = PBXBuildFile; fileRef = 77FC15952BC6C852003CD800 /* Game.swift */; };
		77FC159E2BC6D963003CD800 /* BullseyeTests.swift in Sources */ = {isa = PBXBuildFile; fileRef = 77FC159D2BC6D963003CD800 /* BullseyeTests.swift */; };
/* End PBXBuildFile section */

/* Begin PBXContainerItemProxy section */
		77FC159F2BC6D963003CD800 /* PBXContainerItemProxy */ = {
			isa = PBXContainerItemProxy;
			containerPortal = 774636C62BBC7287006C84B3 /* Project object */;
			proxyType = 1;
			remoteGlobalIDString = 774636CD2BBC7287006C84B3;
			remoteInfo = Bullseye;
		};
/* End PBXContainerItemProxy section */

/* Begin PBXFileReference section */
		774636CE2BBC7287006C84B3 /* Bullseye.app */ = {isa = PBXFileReference; explicitFileType = wrapper.application; includeInIndex = 0; path = Bullseye.app; sourceTree = BUILT_PRODUCTS_DIR; };
		774636D12BBC7287006C84B3 /* BullseyeApp.swift */ = {isa = PBXFileReference; lastKnownFileType = sourcecode.swift; path = BullseyeApp.swift; sourceTree = "<group>"; };
		774636D32BBC7287006C84B3 /* ContentView.swift */ = {isa = PBXFileReference; lastKnownFileType = sourcecode.swift; path = ContentView.swift; sourceTree = "<group>"; };
		774636D52BBC7289006C84B3 /* Assets.xcassets */ = {isa = PBXFileReference; lastKnownFileType = folder.assetcatalog; path = Assets.xcassets; sourceTree = "<group>"; };
		774636D82BBC7289006C84B3 /* Preview Assets.xcassets */ = {isa = PBXFileReference; lastKnownFileType = folder.assetcatalog; path = "Preview Assets.xcassets"; sourceTree = "<group>"; };
		778908852BDE2C4A00994377 /* TextViews.swift */ = {isa = PBXFileReference; lastKnownFileType = sourcecode.swift; path = TextViews.swift; sourceTree = "<group>"; };
		778908872BDE33EF00994377 /* ButtonViews.swift */ = {isa = PBXFileReference; lastKnownFileType = sourcecode.swift; path = ButtonViews.swift; sourceTree = "<group>"; };
		778908892BDE479200994377 /* Shapes.swift */ = {isa = PBXFileReference; lastKnownFileType = sourcecode.swift; path = Shapes.swift; sourceTree = "<group>"; };
		77F229DC2BE11ECB00A1ECFA /* RoundedImageView.swift */ = {isa = PBXFileReference; lastKnownFileType = sourcecode.swift; path = RoundedImageView.swift; sourceTree = "<group>"; };
		77FC15952BC6C852003CD800 /* Game.swift */ = {isa = PBXFileReference; lastKnownFileType = sourcecode.swift; path = Game.swift; sourceTree = "<group>"; };
		77FC159B2BC6D963003CD800 /* BullseyeTests.xctest */ = {isa = PBXFileReference; explicitFileType = wrapper.cfbundle; includeInIndex = 0; path = BullseyeTests.xctest; sourceTree = BUILT_PRODUCTS_DIR; };
		77FC159D2BC6D963003CD800 /* BullseyeTests.swift */ = {isa = PBXFileReference; lastKnownFileType = sourcecode.swift; path = BullseyeTests.swift; sourceTree = "<group>"; };
/* End PBXFileReference section */

/* Begin PBXFrameworksBuildPhase section */
		774636CB2BBC7287006C84B3 /* Frameworks */ = {
			isa = PBXFrameworksBuildPhase;
			buildActionMask = 2147483647;
			files = (
			);
			runOnlyForDeploymentPostprocessing = 0;
		};
		77FC15982BC6D963003CD800 /* Frameworks */ = {
			isa = PBXFrameworksBuildPhase;
			buildActionMask = 2147483647;
			files = (
			);
			runOnlyForDeploymentPostprocessing = 0;
		};
/* End PBXFrameworksBuildPhase section */

/* Begin PBXGroup section */
		774636C52BBC7287006C84B3 = {
			isa = PBXGroup;
			children = (
				774636D02BBC7287006C84B3 /* Bullseye */,
				77FC159C2BC6D963003CD800 /* BullseyeTests */,
				774636CF2BBC7287006C84B3 /* Products */,
			);
			sourceTree = "<group>";
		};
		774636CF2BBC7287006C84B3 /* Products */ = {
			isa = PBXGroup;
			children = (
				774636CE2BBC7287006C84B3 /* Bullseye.app */,
				77FC159B2BC6D963003CD800 /* BullseyeTests.xctest */,
			);
			name = Products;
			sourceTree = "<group>";
		};
		774636D02BBC7287006C84B3 /* Bullseye */ = {
			isa = PBXGroup;
			children = (
				77FC15942BC6C83E003CD800 /* App */,
				7774BA422BBFBA14005C14C5 /* Views */,
				7774BA412BBFB9F7005C14C5 /* Models */,
				774636D72BBC7289006C84B3 /* Preview Content */,
			);
			path = Bullseye;
			sourceTree = "<group>";
		};
		774636D72BBC7289006C84B3 /* Preview Content */ = {
			isa = PBXGroup;
			children = (
				774636D82BBC7289006C84B3 /* Preview Assets.xcassets */,
			);
			path = "Preview Content";
			sourceTree = "<group>";
		};
		7774BA412BBFB9F7005C14C5 /* Models */ = {
			isa = PBXGroup;
			children = (
				77FC15952BC6C852003CD800 /* Game.swift */,
			);
			path = Models;
			sourceTree = "<group>";
		};
		7774BA422BBFBA14005C14C5 /* Views */ = {
			isa = PBXGroup;
			children = (
				774636D32BBC7287006C84B3 /* ContentView.swift */,
				778908852BDE2C4A00994377 /* TextViews.swift */,
				778908872BDE33EF00994377 /* ButtonViews.swift */,
				778908892BDE479200994377 /* Shapes.swift */,
				77F229DC2BE11ECB00A1ECFA /* RoundedImageView.swift */,
			);
			path = Views;
			sourceTree = "<group>";
		};
		77FC15942BC6C83E003CD800 /* App */ = {
			isa = PBXGroup;
			children = (
				774636D12BBC7287006C84B3 /* BullseyeApp.swift */,
				774636D52BBC7289006C84B3 /* Assets.xcassets */,
			);
			path = App;
			sourceTree = "<group>";
		};
		77FC159C2BC6D963003CD800 /* BullseyeTests */ = {
			isa = PBXGroup;
			children = (
				77FC159D2BC6D963003CD800 /* BullseyeTests.swift */,
			);
			path = BullseyeTests;
			sourceTree = "<group>";
		};
/* End PBXGroup section */

/* Begin PBXNativeTarget section */
		774636CD2BBC7287006C84B3 /* Bullseye */ = {
			isa = PBXNativeTarget;
			buildConfigurationList = 774636DC2BBC7289006C84B3 /* Build configuration list for PBXNativeTarget "Bullseye" */;
			buildPhases = (
				774636CA2BBC7287006C84B3 /* Sources */,
				774636CB2BBC7287006C84B3 /* Frameworks */,
				774636CC2BBC7287006C84B3 /* Resources */,
			);
			buildRules = (
			);
			dependencies = (
			);
			name = Bullseye;
			productName = Bullseye;
			productReference = 774636CE2BBC7287006C84B3 /* Bullseye.app */;
			productType = "com.apple.product-type.application";
		};
		77FC159A2BC6D963003CD800 /* BullseyeTests */ = {
			isa = PBXNativeTarget;
			buildConfigurationList = 77FC15A12BC6D963003CD800 /* Build configuration list for PBXNativeTarget "BullseyeTests" */;
			buildPhases = (
				77FC15972BC6D963003CD800 /* Sources */,
				77FC15982BC6D963003CD800 /* Frameworks */,
				77FC15992BC6D963003CD800 /* Resources */,
			);
			buildRules = (
			);
			dependencies = (
				77FC15A02BC6D963003CD800 /* PBXTargetDependency */,
			);
			name = BullseyeTests;
			productName = BullseyeTests;
			productReference = 77FC159B2BC6D963003CD800 /* BullseyeTests.xctest */;
			productType = "com.apple.product-type.bundle.unit-test";
		};
/* End PBXNativeTarget section */

/* Begin PBXProject section */
		774636C62BBC7287006C84B3 /* Project object */ = {
			isa = PBXProject;
			attributes = {
				BuildIndependentTargetsInParallel = 1;
				LastSwiftUpdateCheck = 1530;
				LastUpgradeCheck = 1520;
				TargetAttributes = {
					774636CD2BBC7287006C84B3 = {
						CreatedOnToolsVersion = 15.2;
					};
					77FC159A2BC6D963003CD800 = {
						CreatedOnToolsVersion = 15.3;
						TestTargetID = 774636CD2BBC7287006C84B3;
					};
				};
			};
			buildConfigurationList = 774636C92BBC7287006C84B3 /* Build configuration list for PBXProject "Bullseye" */;
			compatibilityVersion = "Xcode 14.0";
			developmentRegion = en;
			hasScannedForEncodings = 0;
			knownRegions = (
				en,
				Base,
			);
			mainGroup = 774636C52BBC7287006C84B3;
			productRefGroup = 774636CF2BBC7287006C84B3 /* Products */;
			projectDirPath = "";
			projectRoot = "";
			targets = (
				774636CD2BBC7287006C84B3 /* Bullseye */,
				77FC159A2BC6D963003CD800 /* BullseyeTests */,
			);
		};
/* End PBXProject section */

/* Begin PBXResourcesBuildPhase section */
		774636CC2BBC7287006C84B3 /* Resources */ = {
			isa = PBXResourcesBuildPhase;
			buildActionMask = 2147483647;
			files = (
				774636D92BBC7289006C84B3 /* Preview Assets.xcassets in Resources */,
				774636D62BBC7289006C84B3 /* Assets.xcassets in Resources */,
			);
			runOnlyForDeploymentPostprocessing = 0;
		};
		77FC15992BC6D963003CD800 /* Resources */ = {
			isa = PBXResourcesBuildPhase;
			buildActionMask = 2147483647;
			files = (
			);
			runOnlyForDeploymentPostprocessing = 0;
		};
/* End PBXResourcesBuildPhase section */

/* Begin PBXSourcesBuildPhase section */
		774636CA2BBC7287006C84B3 /* Sources */ = {
			isa = PBXSourcesBuildPhase;
			buildActionMask = 2147483647;
			files = (
				77F229DD2BE11ECB00A1ECFA /* RoundedImageView.swift in Sources */,
				774636D42BBC7287006C84B3 /* ContentView.swift in Sources */,
				778908862BDE2C4A00994377 /* TextViews.swift in Sources */,
				778908882BDE33EF00994377 /* ButtonViews.swift in Sources */,
				774636D22BBC7287006C84B3 /* BullseyeApp.swift in Sources */,
				77FC15962BC6C852003CD800 /* Game.swift in Sources */,
				7789088A2BDE479200994377 /* Shapes.swift in Sources */,
			);
			runOnlyForDeploymentPostprocessing = 0;
		};
		77FC15972BC6D963003CD800 /* Sources */ = {
			isa = PBXSourcesBuildPhase;
			buildActionMask = 2147483647;
			files = (
				77FC159E2BC6D963003CD800 /* BullseyeTests.swift in Sources */,
			);
			runOnlyForDeploymentPostprocessing = 0;
		};
/* End PBXSourcesBuildPhase section */

/* Begin PBXTargetDependency section */
		77FC15A02BC6D963003CD800 /* PBXTargetDependency */ = {
			isa = PBXTargetDependency;
			target = 774636CD2BBC7287006C84B3 /* Bullseye */;
			targetProxy = 77FC159F2BC6D963003CD800 /* PBXContainerItemProxy */;
		};
/* End PBXTargetDependency section */

/* Begin XCBuildConfiguration section */
		774636DA2BBC7289006C84B3 /* Debug */ = {
			isa = XCBuildConfiguration;
			buildSettings = {
				ALWAYS_SEARCH_USER_PATHS = NO;
				ASSETCATALOG_COMPILER_GENERATE_SWIFT_ASSET_SYMBOL_EXTENSIONS = YES;
				CLANG_ANALYZER_NONNULL = YES;
				CLANG_ANALYZER_NUMBER_OBJECT_CONVERSION = YES_AGGRESSIVE;
				CLANG_CXX_LANGUAGE_STANDARD = "gnu++20";
				CLANG_ENABLE_MODULES = YES;
				CLANG_ENABLE_OBJC_ARC = YES;
				CLANG_ENABLE_OBJC_WEAK = YES;
				CLANG_WARN_BLOCK_CAPTURE_AUTORELEASING = YES;
				CLANG_WARN_BOOL_CONVERSION = YES;
				CLANG_WARN_COMMA = YES;
				CLANG_WARN_CONSTANT_CONVERSION = YES;
				CLANG_WARN_DEPRECATED_OBJC_IMPLEMENTATIONS = YES;
				CLANG_WARN_DIRECT_OBJC_ISA_USAGE = YES_ERROR;
				CLANG_WARN_DOCUMENTATION_COMMENTS = YES;
				CLANG_WARN_EMPTY_BODY = YES;
				CLANG_WARN_ENUM_CONVERSION = YES;
				CLANG_WARN_INFINITE_RECURSION = YES;
				CLANG_WARN_INT_CONVERSION = YES;
				CLANG_WARN_NON_LITERAL_NULL_CONVERSION = YES;
				CLANG_WARN_OBJC_IMPLICIT_RETAIN_SELF = YES;
				CLANG_WARN_OBJC_LITERAL_CONVERSION = YES;
				CLANG_WARN_OBJC_ROOT_CLASS = YES_ERROR;
				CLANG_WARN_QUOTED_INCLUDE_IN_FRAMEWORK_HEADER = YES;
				CLANG_WARN_RANGE_LOOP_ANALYSIS = YES;
				CLANG_WARN_STRICT_PROTOTYPES = YES;
				CLANG_WARN_SUSPICIOUS_MOVE = YES;
				CLANG_WARN_UNGUARDED_AVAILABILITY = YES_AGGRESSIVE;
				CLANG_WARN_UNREACHABLE_CODE = YES;
				CLANG_WARN__DUPLICATE_METHOD_MATCH = YES;
				COPY_PHASE_STRIP = NO;
				DEBUG_INFORMATION_FORMAT = dwarf;
				ENABLE_STRICT_OBJC_MSGSEND = YES;
				ENABLE_TESTABILITY = YES;
				ENABLE_USER_SCRIPT_SANDBOXING = YES;
				GCC_C_LANGUAGE_STANDARD = gnu17;
				GCC_DYNAMIC_NO_PIC = NO;
				GCC_NO_COMMON_BLOCKS = YES;
				GCC_OPTIMIZATION_LEVEL = 0;
				GCC_PREPROCESSOR_DEFINITIONS = (
					"DEBUG=1",
					"$(inherited)",
				);
				GCC_WARN_64_TO_32_BIT_CONVERSION = YES;
				GCC_WARN_ABOUT_RETURN_TYPE = YES_ERROR;
				GCC_WARN_UNDECLARED_SELECTOR = YES;
				GCC_WARN_UNINITIALIZED_AUTOS = YES_AGGRESSIVE;
				GCC_WARN_UNUSED_FUNCTION = YES;
				GCC_WARN_UNUSED_VARIABLE = YES;
				IPHONEOS_DEPLOYMENT_TARGET = 17.2;
				LOCALIZATION_PREFERS_STRING_CATALOGS = YES;
				MTL_ENABLE_DEBUG_INFO = INCLUDE_SOURCE;
				MTL_FAST_MATH = YES;
				ONLY_ACTIVE_ARCH = YES;
				SDKROOT = iphoneos;
				SWIFT_ACTIVE_COMPILATION_CONDITIONS = "DEBUG $(inherited)";
				SWIFT_OPTIMIZATION_LEVEL = "-Onone";
			};
			name = Debug;
		};
		774636DB2BBC7289006C84B3 /* Release */ = {
			isa = XCBuildConfiguration;
			buildSettings = {
				ALWAYS_SEARCH_USER_PATHS = NO;
				ASSETCATALOG_COMPILER_GENERATE_SWIFT_ASSET_SYMBOL_EXTENSIONS = YES;
				CLANG_ANALYZER_NONNULL = YES;
				CLANG_ANALYZER_NUMBER_OBJECT_CONVERSION = YES_AGGRESSIVE;
				CLANG_CXX_LANGUAGE_STANDARD = "gnu++20";
				CLANG_ENABLE_MODULES = YES;
				CLANG_ENABLE_OBJC_ARC = YES;
				CLANG_ENABLE_OBJC_WEAK = YES;
				CLANG_WARN_BLOCK_CAPTURE_AUTORELEASING = YES;
				CLANG_WARN_BOOL_CONVERSION = YES;
				CLANG_WARN_COMMA = YES;
				CLANG_WARN_CONSTANT_CONVERSION = YES;
				CLANG_WARN_DEPRECATED_OBJC_IMPLEMENTATIONS = YES;
				CLANG_WARN_DIRECT_OBJC_ISA_USAGE = YES_ERROR;
				CLANG_WARN_DOCUMENTATION_COMMENTS = YES;
				CLANG_WARN_EMPTY_BODY = YES;
				CLANG_WARN_ENUM_CONVERSION = YES;
				CLANG_WARN_INFINITE_RECURSION = YES;
				CLANG_WARN_INT_CONVERSION = YES;
				CLANG_WARN_NON_LITERAL_NULL_CONVERSION = YES;
				CLANG_WARN_OBJC_IMPLICIT_RETAIN_SELF = YES;
				CLANG_WARN_OBJC_LITERAL_CONVERSION = YES;
				CLANG_WARN_OBJC_ROOT_CLASS = YES_ERROR;
				CLANG_WARN_QUOTED_INCLUDE_IN_FRAMEWORK_HEADER = YES;
				CLANG_WARN_RANGE_LOOP_ANALYSIS = YES;
				CLANG_WARN_STRICT_PROTOTYPES = YES;
				CLANG_WARN_SUSPICIOUS_MOVE = YES;
				CLANG_WARN_UNGUARDED_AVAILABILITY = YES_AGGRESSIVE;
				CLANG_WARN_UNREACHABLE_CODE = YES;
				CLANG_WARN__DUPLICATE_METHOD_MATCH = YES;
				COPY_PHASE_STRIP = NO;
				DEBUG_INFORMATION_FORMAT = "dwarf-with-dsym";
				ENABLE_NS_ASSERTIONS = NO;
				ENABLE_STRICT_OBJC_MSGSEND = YES;
				ENABLE_USER_SCRIPT_SANDBOXING = YES;
				GCC_C_LANGUAGE_STANDARD = gnu17;
				GCC_NO_COMMON_BLOCKS = YES;
				GCC_WARN_64_TO_32_BIT_CONVERSION = YES;
				GCC_WARN_ABOUT_RETURN_TYPE = YES_ERROR;
				GCC_WARN_UNDECLARED_SELECTOR = YES;
				GCC_WARN_UNINITIALIZED_AUTOS = YES_AGGRESSIVE;
				GCC_WARN_UNUSED_FUNCTION = YES;
				GCC_WARN_UNUSED_VARIABLE = YES;
				IPHONEOS_DEPLOYMENT_TARGET = 17.2;
				LOCALIZATION_PREFERS_STRING_CATALOGS = YES;
				MTL_ENABLE_DEBUG_INFO = NO;
				MTL_FAST_MATH = YES;
				SDKROOT = iphoneos;
				SWIFT_COMPILATION_MODE = wholemodule;
				VALIDATE_PRODUCT = YES;
			};
			name = Release;
		};
		774636DD2BBC7289006C84B3 /* Debug */ = {
			isa = XCBuildConfiguration;
			buildSettings = {
				ASSETCATALOG_COMPILER_APPICON_NAME = AppIcon;
				ASSETCATALOG_COMPILER_GLOBAL_ACCENT_COLOR_NAME = AccentColor;
				CODE_SIGN_STYLE = Automatic;
				CURRENT_PROJECT_VERSION = 1;
				DEVELOPMENT_ASSET_PATHS = "\"Bullseye/Preview Content\"";
				ENABLE_PREVIEWS = YES;
				GENERATE_INFOPLIST_FILE = YES;
				INFOPLIST_KEY_UIApplicationSceneManifest_Generation = YES;
				INFOPLIST_KEY_UIApplicationSupportsIndirectInputEvents = YES;
				INFOPLIST_KEY_UILaunchScreen_Generation = YES;
				INFOPLIST_KEY_UISupportedInterfaceOrientations_iPad = "UIInterfaceOrientationPortrait UIInterfaceOrientationPortraitUpsideDown UIInterfaceOrientationLandscapeLeft UIInterfaceOrientationLandscapeRight";
				INFOPLIST_KEY_UISupportedInterfaceOrientations_iPhone = "UIInterfaceOrientationPortrait UIInterfaceOrientationLandscapeLeft UIInterfaceOrientationLandscapeRight";
				LD_RUNPATH_SEARCH_PATHS = (
					"$(inherited)",
					"@executable_path/Frameworks",
				);
				MARKETING_VERSION = 1.0;
				PRODUCT_BUNDLE_IDENTIFIER = com.mayur.Bullseye;
				PRODUCT_NAME = "$(TARGET_NAME)";
				SWIFT_EMIT_LOC_STRINGS = YES;
				SWIFT_VERSION = 5.0;
				TARGETED_DEVICE_FAMILY = "1,2";
			};
			name = Debug;
		};
		774636DE2BBC7289006C84B3 /* Release */ = {
			isa = XCBuildConfiguration;
			buildSettings = {
				ASSETCATALOG_COMPILER_APPICON_NAME = AppIcon;
				ASSETCATALOG_COMPILER_GLOBAL_ACCENT_COLOR_NAME = AccentColor;
				CODE_SIGN_STYLE = Automatic;
				CURRENT_PROJECT_VERSION = 1;
				DEVELOPMENT_ASSET_PATHS = "\"Bullseye/Preview Content\"";
				ENABLE_PREVIEWS = YES;
				GENERATE_INFOPLIST_FILE = YES;
				INFOPLIST_KEY_UIApplicationSceneManifest_Generation = YES;
				INFOPLIST_KEY_UIApplicationSupportsIndirectInputEvents = YES;
				INFOPLIST_KEY_UILaunchScreen_Generation = YES;
				INFOPLIST_KEY_UISupportedInterfaceOrientations_iPad = "UIInterfaceOrientationPortrait UIInterfaceOrientationPortraitUpsideDown UIInterfaceOrientationLandscapeLeft UIInterfaceOrientationLandscapeRight";
				INFOPLIST_KEY_UISupportedInterfaceOrientations_iPhone = "UIInterfaceOrientationPortrait UIInterfaceOrientationLandscapeLeft UIInterfaceOrientationLandscapeRight";
				LD_RUNPATH_SEARCH_PATHS = (
					"$(inherited)",
					"@executable_path/Frameworks",
				);
				MARKETING_VERSION = 1.0;
				PRODUCT_BUNDLE_IDENTIFIER = com.mayur.Bullseye;
				PRODUCT_NAME = "$(TARGET_NAME)";
				SWIFT_EMIT_LOC_STRINGS = YES;
				SWIFT_VERSION = 5.0;
				TARGETED_DEVICE_FAMILY = "1,2";
			};
			name = Release;
		};
		77FC15A22BC6D963003CD800 /* Debug */ = {
			isa = XCBuildConfiguration;
			buildSettings = {
				BUNDLE_LOADER = "$(TEST_HOST)";
				CODE_SIGN_STYLE = Automatic;
				CURRENT_PROJECT_VERSION = 1;
				GENERATE_INFOPLIST_FILE = YES;
				IPHONEOS_DEPLOYMENT_TARGET = 17.2;
				MACOSX_DEPLOYMENT_TARGET = 14.1;
				MARKETING_VERSION = 1.0;
				PRODUCT_BUNDLE_IDENTIFIER = com.mayur.BullseyeTests;
				PRODUCT_NAME = "$(TARGET_NAME)";
				SDKROOT = auto;
				SUPPORTED_PLATFORMS = "iphoneos iphonesimulator macosx";
				SWIFT_EMIT_LOC_STRINGS = NO;
				SWIFT_VERSION = 5.0;
				TARGETED_DEVICE_FAMILY = "1,2";
				TEST_HOST = "$(BUILT_PRODUCTS_DIR)/Bullseye.app/$(BUNDLE_EXECUTABLE_FOLDER_PATH)/Bullseye";
			};
			name = Debug;
		};
		77FC15A32BC6D963003CD800 /* Release */ = {
			isa = XCBuildConfiguration;
			buildSettings = {
				BUNDLE_LOADER = "$(TEST_HOST)";
				CODE_SIGN_STYLE = Automatic;
				CURRENT_PROJECT_VERSION = 1;
				GENERATE_INFOPLIST_FILE = YES;
				IPHONEOS_DEPLOYMENT_TARGET = 17.2;
				MACOSX_DEPLOYMENT_TARGET = 14.1;
				MARKETING_VERSION = 1.0;
				PRODUCT_BUNDLE_IDENTIFIER = com.mayur.BullseyeTests;
				PRODUCT_NAME = "$(TARGET_NAME)";
				SDKROOT = auto;
				SUPPORTED_PLATFORMS = "iphoneos iphonesimulator macosx";
				SWIFT_EMIT_LOC_STRINGS = NO;
				SWIFT_VERSION = 5.0;
				TARGETED_DEVICE_FAMILY = "1,2";
				TEST_HOST = "$(BUILT_PRODUCTS_DIR)/Bullseye.app/$(BUNDLE_EXECUTABLE_FOLDER_PATH)/Bullseye";
			};
			name = Release;
		};
/* End XCBuildConfiguration section */

/* Begin XCConfigurationList section */
		774636C92BBC7287006C84B3 /* Build configuration list for PBXProject "Bullseye" */ = {
			isa = XCConfigurationList;
			buildConfigurations = (
				774636DA2BBC7289006C84B3 /* Debug */,
				774636DB2BBC7289006C84B3 /* Release */,
			);
			defaultConfigurationIsVisible = 0;
			defaultConfigurationName = Release;
		};
		774636DC2BBC7289006C84B3 /* Build configuration list for PBXNativeTarget "Bullseye" */ = {
			isa = XCConfigurationList;
			buildConfigurations = (
				774636DD2BBC7289006C84B3 /* Debug */,
				774636DE2BBC7289006C84B3 /* Release */,
			);
			defaultConfigurationIsVisible = 0;
			defaultConfigurationName = Release;
		};
		77FC15A12BC6D963003CD800 /* Build configuration list for PBXNativeTarget "BullseyeTests" */ = {
			isa = XCConfigurationList;
			buildConfigurations = (
				77FC15A22BC6D963003CD800 /* Debug */,
				77FC15A32BC6D963003CD800 /* Release */,
			);
			defaultConfigurationIsVisible = 0;
			defaultConfigurationName = Release;
		};
/* End XCConfigurationList section */
	};
	rootObject = 774636C62BBC7287006C84B3 /* Project object */;
}
